// !$*UTF8*$!
{
	archiveVersion = 1;
	classes = {
	};
	objectVersion = 56;
	objects = {

/* Begin PBXBuildFile section */
		A674FE1B2A6DB0460007963C /* AppDelegate.swift in Sources */ = {isa = PBXBuildFile; fileRef = A674FE1A2A6DB0460007963C /* AppDelegate.swift */; };
		A674FE1D2A6DB0460007963C /* SceneDelegate.swift in Sources */ = {isa = PBXBuildFile; fileRef = A674FE1C2A6DB0460007963C /* SceneDelegate.swift */; };
		A674FE1F2A6DB0460007963C /* ViewController.swift in Sources */ = {isa = PBXBuildFile; fileRef = A674FE1E2A6DB0460007963C /* ViewController.swift */; };
		A674FE222A6DB0460007963C /* Main.storyboard in Resources */ = {isa = PBXBuildFile; fileRef = A674FE202A6DB0460007963C /* Main.storyboard */; };
		A674FE242A6DB0470007963C /* Assets.xcassets in Resources */ = {isa = PBXBuildFile; fileRef = A674FE232A6DB0470007963C /* Assets.xcassets */; };
		A674FE272A6DB0470007963C /* LaunchScreen.storyboard in Resources */ = {isa = PBXBuildFile; fileRef = A674FE252A6DB0470007963C /* LaunchScreen.storyboard */; };
		A674FE302A6DB0CD0007963C /* ToDoItem.swift in Sources */ = {isa = PBXBuildFile; fileRef = A674FE2F2A6DB0CD0007963C /* ToDoItem.swift */; };
		A674FE322A6DB1310007963C /* ToDoStore.swift in Sources */ = {isa = PBXBuildFile; fileRef = A674FE312A6DB1310007963C /* ToDoStore.swift */; };
		A6755B502A811ECB002CA036 /* ToDoListProtocals.swift in Sources */ = {isa = PBXBuildFile; fileRef = A6755B4F2A811ECB002CA036 /* ToDoListProtocals.swift */; };
		A6755B532A813986002CA036 /* ToDoListViewController.swift in Sources */ = {isa = PBXBuildFile; fileRef = A6755B522A813986002CA036 /* ToDoListViewController.swift */; };
/* End PBXBuildFile section */

/* Begin PBXFileReference section */
		A674FE172A6DB0460007963C /* ToDoApp-VIPER.app */ = {isa = PBXFileReference; explicitFileType = wrapper.application; includeInIndex = 0; path = "ToDoApp-VIPER.app"; sourceTree = BUILT_PRODUCTS_DIR; };
		A674FE1A2A6DB0460007963C /* AppDelegate.swift */ = {isa = PBXFileReference; lastKnownFileType = sourcecode.swift; path = AppDelegate.swift; sourceTree = "<group>"; };
		A674FE1C2A6DB0460007963C /* SceneDelegate.swift */ = {isa = PBXFileReference; lastKnownFileType = sourcecode.swift; path = SceneDelegate.swift; sourceTree = "<group>"; };
		A674FE1E2A6DB0460007963C /* ViewController.swift */ = {isa = PBXFileReference; lastKnownFileType = sourcecode.swift; path = ViewController.swift; sourceTree = "<group>"; };
		A674FE212A6DB0460007963C /* Base */ = {isa = PBXFileReference; lastKnownFileType = file.storyboard; name = Base; path = Base.lproj/Main.storyboard; sourceTree = "<group>"; };
		A674FE232A6DB0470007963C /* Assets.xcassets */ = {isa = PBXFileReference; lastKnownFileType = folder.assetcatalog; path = Assets.xcassets; sourceTree = "<group>"; };
		A674FE262A6DB0470007963C /* Base */ = {isa = PBXFileReference; lastKnownFileType = file.storyboard; name = Base; path = Base.lproj/LaunchScreen.storyboard; sourceTree = "<group>"; };
		A674FE282A6DB0470007963C /* Info.plist */ = {isa = PBXFileReference; lastKnownFileType = text.plist.xml; path = Info.plist; sourceTree = "<group>"; };
		A674FE2F2A6DB0CD0007963C /* ToDoItem.swift */ = {isa = PBXFileReference; lastKnownFileType = sourcecode.swift; path = ToDoItem.swift; sourceTree = "<group>"; };
		A674FE312A6DB1310007963C /* ToDoStore.swift */ = {isa = PBXFileReference; lastKnownFileType = sourcecode.swift; path = ToDoStore.swift; sourceTree = "<group>"; };
		A6755B4F2A811ECB002CA036 /* ToDoListProtocals.swift */ = {isa = PBXFileReference; lastKnownFileType = sourcecode.swift; path = ToDoListProtocals.swift; sourceTree = "<group>"; };
		A6755B522A813986002CA036 /* ToDoListViewController.swift */ = {isa = PBXFileReference; lastKnownFileType = sourcecode.swift; path = ToDoListViewController.swift; sourceTree = "<group>"; };
/* End PBXFileReference section */

/* Begin PBXFrameworksBuildPhase section */
		A674FE142A6DB0460007963C /* Frameworks */ = {
			isa = PBXFrameworksBuildPhase;
			buildActionMask = 2147483647;
			files = (
			);
			runOnlyForDeploymentPostprocessing = 0;
		};
/* End PBXFrameworksBuildPhase section */

/* Begin PBXGroup section */
		A674FE0E2A6DB0460007963C = {
			isa = PBXGroup;
			children = (
				A674FE192A6DB0460007963C /* ToDoApp-VIPER */,
				A674FE182A6DB0460007963C /* Products */,
			);
			sourceTree = "<group>";
		};
		A674FE182A6DB0460007963C /* Products */ = {
			isa = PBXGroup;
			children = (
				A674FE172A6DB0460007963C /* ToDoApp-VIPER.app */,
			);
			name = Products;
			sourceTree = "<group>";
		};
		A674FE192A6DB0460007963C /* ToDoApp-VIPER */ = {
			isa = PBXGroup;
			children = (
				A674FE2E2A6DB07C0007963C /* Entity */,
				A6755B4C2A811E71002CA036 /* ToDoListModule */,
				A674FE1A2A6DB0460007963C /* AppDelegate.swift */,
				A674FE1C2A6DB0460007963C /* SceneDelegate.swift */,
				A674FE1E2A6DB0460007963C /* ViewController.swift */,
				A674FE202A6DB0460007963C /* Main.storyboard */,
				A674FE232A6DB0470007963C /* Assets.xcassets */,
				A674FE252A6DB0470007963C /* LaunchScreen.storyboard */,
				A674FE282A6DB0470007963C /* Info.plist */,
			);
			path = "ToDoApp-VIPER";
			sourceTree = "<group>";
		};
		A674FE2E2A6DB07C0007963C /* Entity */ = {
			isa = PBXGroup;
			children = (
				A674FE2F2A6DB0CD0007963C /* ToDoItem.swift */,
				A674FE312A6DB1310007963C /* ToDoStore.swift */,
			);
			path = Entity;
			sourceTree = "<group>";
		};
		A6755B4C2A811E71002CA036 /* ToDoListModule */ = {
			isa = PBXGroup;
			children = (
				A6755B512A813974002CA036 /* View */,
				A6755B4E2A811EAA002CA036 /* Protocals */,
			);
			path = ToDoListModule;
			sourceTree = "<group>";
		};
		A6755B4E2A811EAA002CA036 /* Protocals */ = {
			isa = PBXGroup;
			children = (
				A6755B4F2A811ECB002CA036 /* ToDoListProtocals.swift */,
			);
			path = Protocals;
			sourceTree = "<group>";
		};
		A6755B512A813974002CA036 /* View */ = {
			isa = PBXGroup;
			children = (
				A6755B522A813986002CA036 /* ToDoListViewController.swift */,
			);
			path = View;
			sourceTree = "<group>";
		};
/* End PBXGroup section */

/* Begin PBXNativeTarget section */
		A674FE162A6DB0460007963C /* ToDoApp-VIPER */ = {
			isa = PBXNativeTarget;
			buildConfigurationList = A674FE2B2A6DB0470007963C /* Build configuration list for PBXNativeTarget "ToDoApp-VIPER" */;
			buildPhases = (
				A674FE132A6DB0460007963C /* Sources */,
				A674FE142A6DB0460007963C /* Frameworks */,
				A674FE152A6DB0460007963C /* Resources */,
			);
			buildRules = (
			);
			dependencies = (
			);
			name = "ToDoApp-VIPER";
			productName = "ToDoApp-VIPER";
			productReference = A674FE172A6DB0460007963C /* ToDoApp-VIPER.app */;
			productType = "com.apple.product-type.application";
		};
/* End PBXNativeTarget section */

/* Begin PBXProject section */
		A674FE0F2A6DB0460007963C /* Project object */ = {
			isa = PBXProject;
			attributes = {
				BuildIndependentTargetsInParallel = 1;
				LastSwiftUpdateCheck = 1430;
				LastUpgradeCheck = 1430;
				TargetAttributes = {
					A674FE162A6DB0460007963C = {
						CreatedOnToolsVersion = 14.3.1;
					};
				};
			};
			buildConfigurationList = A674FE122A6DB0460007963C /* Build configuration list for PBXProject "ToDoApp-VIPER" */;
			compatibilityVersion = "Xcode 14.0";
			developmentRegion = en;
			hasScannedForEncodings = 0;
			knownRegions = (
				en,
				Base,
			);
			mainGroup = A674FE0E2A6DB0460007963C;
			productRefGroup = A674FE182A6DB0460007963C /* Products */;
			projectDirPath = "";
			projectRoot = "";
			targets = (
				A674FE162A6DB0460007963C /* ToDoApp-VIPER */,
			);
		};
/* End PBXProject section */

/* Begin PBXResourcesBuildPhase section */
		A674FE152A6DB0460007963C /* Resources */ = {
			isa = PBXResourcesBuildPhase;
			buildActionMask = 2147483647;
			files = (
				A674FE272A6DB0470007963C /* LaunchScreen.storyboard in Resources */,
				A674FE242A6DB0470007963C /* Assets.xcassets in Resources */,
				A674FE222A6DB0460007963C /* Main.storyboard in Resources */,
			);
			runOnlyForDeploymentPostprocessing = 0;
		};
/* End PBXResourcesBuildPhase section */

/* Begin PBXSourcesBuildPhase section */
		A674FE132A6DB0460007963C /* Sources */ = {
			isa = PBXSourcesBuildPhase;
			buildActionMask = 2147483647;
			files = (
				A674FE322A6DB1310007963C /* ToDoStore.swift in Sources */,
				A674FE1F2A6DB0460007963C /* ViewController.swift in Sources */,
				A674FE1B2A6DB0460007963C /* AppDelegate.swift in Sources */,
				A674FE302A6DB0CD0007963C /* ToDoItem.swift in Sources */,
				A674FE1D2A6DB0460007963C /* SceneDelegate.swift in Sources */,
				A6755B532A813986002CA036 /* ToDoListViewController.swift in Sources */,
				A6755B502A811ECB002CA036 /* ToDoListProtocals.swift in Sources */,
			);
			runOnlyForDeploymentPostprocessing = 0;
		};
/* End PBXSourcesBuildPhase section */

/* Begin PBXVariantGroup section */
		A674FE202A6DB0460007963C /* Main.storyboard */ = {
			isa = PBXVariantGroup;
			children = (
				A674FE212A6DB0460007963C /* Base */,
			);
			name = Main.storyboard;
			sourceTree = "<group>";
		};
		A674FE252A6DB0470007963C /* LaunchScreen.storyboard */ = {
			isa = PBXVariantGroup;
			children = (
				A674FE262A6DB0470007963C /* Base */,
			);
			name = LaunchScreen.storyboard;
			sourceTree = "<group>";
		};
/* End PBXVariantGroup section */

/* Begin XCBuildConfiguration section */
		A674FE292A6DB0470007963C /* Debug */ = {
			isa = XCBuildConfiguration;
			buildSettings = {
				ALWAYS_SEARCH_USER_PATHS = NO;
				CLANG_ANALYZER_NONNULL = YES;
				CLANG_ANALYZER_NUMBER_OBJECT_CONVERSION = YES_AGGRESSIVE;
				CLANG_CXX_LANGUAGE_STANDARD = "gnu++20";
				CLANG_ENABLE_MODULES = YES;
				CLANG_ENABLE_OBJC_ARC = YES;
				CLANG_ENABLE_OBJC_WEAK = YES;
				CLANG_WARN_BLOCK_CAPTURE_AUTORELEASING = YES;
				CLANG_WARN_BOOL_CONVERSION = YES;
				CLANG_WARN_COMMA = YES;
				CLANG_WARN_CONSTANT_CONVERSION = YES;
				CLANG_WARN_DEPRECATED_OBJC_IMPLEMENTATIONS = YES;
				CLANG_WARN_DIRECT_OBJC_ISA_USAGE = YES_ERROR;
				CLANG_WARN_DOCUMENTATION_COMMENTS = YES;
				CLANG_WARN_EMPTY_BODY = YES;
				CLANG_WARN_ENUM_CONVERSION = YES;
				CLANG_WARN_INFINITE_RECURSION = YES;
				CLANG_WARN_INT_CONVERSION = YES;
				CLANG_WARN_NON_LITERAL_NULL_CONVERSION = YES;
				CLANG_WARN_OBJC_IMPLICIT_RETAIN_SELF = YES;
				CLANG_WARN_OBJC_LITERAL_CONVERSION = YES;
				CLANG_WARN_OBJC_ROOT_CLASS = YES_ERROR;
				CLANG_WARN_QUOTED_INCLUDE_IN_FRAMEWORK_HEADER = YES;
				CLANG_WARN_RANGE_LOOP_ANALYSIS = YES;
				CLANG_WARN_STRICT_PROTOTYPES = YES;
				CLANG_WARN_SUSPICIOUS_MOVE = YES;
				CLANG_WARN_UNGUARDED_AVAILABILITY = YES_AGGRESSIVE;
				CLANG_WARN_UNREACHABLE_CODE = YES;
				CLANG_WARN__DUPLICATE_METHOD_MATCH = YES;
				COPY_PHASE_STRIP = NO;
				DEBUG_INFORMATION_FORMAT = dwarf;
				ENABLE_STRICT_OBJC_MSGSEND = YES;
				ENABLE_TESTABILITY = YES;
				GCC_C_LANGUAGE_STANDARD = gnu11;
				GCC_DYNAMIC_NO_PIC = NO;
				GCC_NO_COMMON_BLOCKS = YES;
				GCC_OPTIMIZATION_LEVEL = 0;
				GCC_PREPROCESSOR_DEFINITIONS = (
					"DEBUG=1",
					"$(inherited)",
				);
				GCC_WARN_64_TO_32_BIT_CONVERSION = YES;
				GCC_WARN_ABOUT_RETURN_TYPE = YES_ERROR;
				GCC_WARN_UNDECLARED_SELECTOR = YES;
				GCC_WARN_UNINITIALIZED_AUTOS = YES_AGGRESSIVE;
				GCC_WARN_UNUSED_FUNCTION = YES;
				GCC_WARN_UNUSED_VARIABLE = YES;
				IPHONEOS_DEPLOYMENT_TARGET = 16.4;
				MTL_ENABLE_DEBUG_INFO = INCLUDE_SOURCE;
				MTL_FAST_MATH = YES;
				ONLY_ACTIVE_ARCH = YES;
				SDKROOT = iphoneos;
				SWIFT_ACTIVE_COMPILATION_CONDITIONS = DEBUG;
				SWIFT_OPTIMIZATION_LEVEL = "-Onone";
			};
			name = Debug;
		};
		A674FE2A2A6DB0470007963C /* Release */ = {
			isa = XCBuildConfiguration;
			buildSettings = {
				ALWAYS_SEARCH_USER_PATHS = NO;
				CLANG_ANALYZER_NONNULL = YES;
				CLANG_ANALYZER_NUMBER_OBJECT_CONVERSION = YES_AGGRESSIVE;
				CLANG_CXX_LANGUAGE_STANDARD = "gnu++20";
				CLANG_ENABLE_MODULES = YES;
				CLANG_ENABLE_OBJC_ARC = YES;
				CLANG_ENABLE_OBJC_WEAK = YES;
				CLANG_WARN_BLOCK_CAPTURE_AUTORELEASING = YES;
				CLANG_WARN_BOOL_CONVERSION = YES;
				CLANG_WARN_COMMA = YES;
				CLANG_WARN_CONSTANT_CONVERSION = YES;
				CLANG_WARN_DEPRECATED_OBJC_IMPLEMENTATIONS = YES;
				CLANG_WARN_DIRECT_OBJC_ISA_USAGE = YES_ERROR;
				CLANG_WARN_DOCUMENTATION_COMMENTS = YES;
				CLANG_WARN_EMPTY_BODY = YES;
				CLANG_WARN_ENUM_CONVERSION = YES;
				CLANG_WARN_INFINITE_RECURSION = YES;
				CLANG_WARN_INT_CONVERSION = YES;
				CLANG_WARN_NON_LITERAL_NULL_CONVERSION = YES;
				CLANG_WARN_OBJC_IMPLICIT_RETAIN_SELF = YES;
				CLANG_WARN_OBJC_LITERAL_CONVERSION = YES;
				CLANG_WARN_OBJC_ROOT_CLASS = YES_ERROR;
				CLANG_WARN_QUOTED_INCLUDE_IN_FRAMEWORK_HEADER = YES;
				CLANG_WARN_RANGE_LOOP_ANALYSIS = YES;
				CLANG_WARN_STRICT_PROTOTYPES = YES;
				CLANG_WARN_SUSPICIOUS_MOVE = YES;
				CLANG_WARN_UNGUARDED_AVAILABILITY = YES_AGGRESSIVE;
				CLANG_WARN_UNREACHABLE_CODE = YES;
				CLANG_WARN__DUPLICATE_METHOD_MATCH = YES;
				COPY_PHASE_STRIP = NO;
				DEBUG_INFORMATION_FORMAT = "dwarf-with-dsym";
				ENABLE_NS_ASSERTIONS = NO;
				ENABLE_STRICT_OBJC_MSGSEND = YES;
				GCC_C_LANGUAGE_STANDARD = gnu11;
				GCC_NO_COMMON_BLOCKS = YES;
				GCC_WARN_64_TO_32_BIT_CONVERSION = YES;
				GCC_WARN_ABOUT_RETURN_TYPE = YES_ERROR;
				GCC_WARN_UNDECLARED_SELECTOR = YES;
				GCC_WARN_UNINITIALIZED_AUTOS = YES_AGGRESSIVE;
				GCC_WARN_UNUSED_FUNCTION = YES;
				GCC_WARN_UNUSED_VARIABLE = YES;
				IPHONEOS_DEPLOYMENT_TARGET = 16.4;
				MTL_ENABLE_DEBUG_INFO = NO;
				MTL_FAST_MATH = YES;
				SDKROOT = iphoneos;
				SWIFT_COMPILATION_MODE = wholemodule;
				SWIFT_OPTIMIZATION_LEVEL = "-O";
				VALIDATE_PRODUCT = YES;
			};
			name = Release;
		};
		A674FE2C2A6DB0470007963C /* Debug */ = {
			isa = XCBuildConfiguration;
			buildSettings = {
				ASSETCATALOG_COMPILER_APPICON_NAME = AppIcon;
				ASSETCATALOG_COMPILER_GLOBAL_ACCENT_COLOR_NAME = AccentColor;
				CODE_SIGN_STYLE = Automatic;
				CURRENT_PROJECT_VERSION = 1;
				DEVELOPMENT_TEAM = JS9TW96HFJ;
				GENERATE_INFOPLIST_FILE = YES;
				INFOPLIST_FILE = "ToDoApp-VIPER/Info.plist";
				INFOPLIST_KEY_UIApplicationSupportsIndirectInputEvents = YES;
				INFOPLIST_KEY_UILaunchStoryboardName = LaunchScreen;
				INFOPLIST_KEY_UIMainStoryboardFile = Main;
				INFOPLIST_KEY_UISupportedInterfaceOrientations_iPad = "UIInterfaceOrientationPortrait UIInterfaceOrientationPortraitUpsideDown UIInterfaceOrientationLandscapeLeft UIInterfaceOrientationLandscapeRight";
				INFOPLIST_KEY_UISupportedInterfaceOrientations_iPhone = "UIInterfaceOrientationPortrait UIInterfaceOrientationLandscapeLeft UIInterfaceOrientationLandscapeRight";
				LD_RUNPATH_SEARCH_PATHS = (
					"$(inherited)",
					"@executable_path/Frameworks",
				);
				MARKETING_VERSION = 1.0;
				PRODUCT_BUNDLE_IDENTIFIER = "com.candi.ToDoApp-VIPER";
				PRODUCT_NAME = "$(TARGET_NAME)";
				SWIFT_EMIT_LOC_STRINGS = YES;
				SWIFT_VERSION = 5.0;
				TARGETED_DEVICE_FAMILY = "1,2";
			};
			name = Debug;
		};
		A674FE2D2A6DB0470007963C /* Release */ = {
			isa = XCBuildConfiguration;
			buildSettings = {
				ASSETCATALOG_COMPILER_APPICON_NAME = AppIcon;
				ASSETCATALOG_COMPILER_GLOBAL_ACCENT_COLOR_NAME = AccentColor;
				CODE_SIGN_STYLE = Automatic;
				CURRENT_PROJECT_VERSION = 1;
				DEVELOPMENT_TEAM = JS9TW96HFJ;
				GENERATE_INFOPLIST_FILE = YES;
				INFOPLIST_FILE = "ToDoApp-VIPER/Info.plist";
				INFOPLIST_KEY_UIApplicationSupportsIndirectInputEvents = YES;
				INFOPLIST_KEY_UILaunchStoryboardName = LaunchScreen;
				INFOPLIST_KEY_UIMainStoryboardFile = Main;
				INFOPLIST_KEY_UISupportedInterfaceOrientations_iPad = "UIInterfaceOrientationPortrait UIInterfaceOrientationPortraitUpsideDown UIInterfaceOrientationLandscapeLeft UIInterfaceOrientationLandscapeRight";
				INFOPLIST_KEY_UISupportedInterfaceOrientations_iPhone = "UIInterfaceOrientationPortrait UIInterfaceOrientationLandscapeLeft UIInterfaceOrientationLandscapeRight";
				LD_RUNPATH_SEARCH_PATHS = (
					"$(inherited)",
					"@executable_path/Frameworks",
				);
				MARKETING_VERSION = 1.0;
				PRODUCT_BUNDLE_IDENTIFIER = "com.candi.ToDoApp-VIPER";
				PRODUCT_NAME = "$(TARGET_NAME)";
				SWIFT_EMIT_LOC_STRINGS = YES;
				SWIFT_VERSION = 5.0;
				TARGETED_DEVICE_FAMILY = "1,2";
			};
			name = Release;
		};
/* End XCBuildConfiguration section */

/* Begin XCConfigurationList section */
		A674FE122A6DB0460007963C /* Build configuration list for PBXProject "ToDoApp-VIPER" */ = {
			isa = XCConfigurationList;
			buildConfigurations = (
				A674FE292A6DB0470007963C /* Debug */,
				A674FE2A2A6DB0470007963C /* Release */,
			);
			defaultConfigurationIsVisible = 0;
			defaultConfigurationName = Release;
		};
		A674FE2B2A6DB0470007963C /* Build configuration list for PBXNativeTarget "ToDoApp-VIPER" */ = {
			isa = XCConfigurationList;
			buildConfigurations = (
				A674FE2C2A6DB0470007963C /* Debug */,
				A674FE2D2A6DB0470007963C /* Release */,
			);
			defaultConfigurationIsVisible = 0;
			defaultConfigurationName = Release;
		};
/* End XCConfigurationList section */
	};
	rootObject = A674FE0F2A6DB0460007963C /* Project object */;
}
